{
  "version": 1,
  "dependencies": {
    ".NETFramework,Version=v3.5": {
      "refreshratetuner.config": {
        "type": "Project"
      }
    },
    ".NETFramework,Version=v3.5/win-x64": {},
    ".NETFramework,Version=v3.5/win-x86": {},
    ".NETFramework,Version=v3.5/win7-x64": {},
    ".NETFramework,Version=v3.5/win7-x86": {},
    ".NETFramework,Version=v4.8": {
      "refreshratetuner.config": {
        "type": "Project"
      }
    },
    ".NETFramework,Version=v4.8/win-x64": {},
    ".NETFramework,Version=v4.8/win-x86": {},
    ".NETFramework,Version=v4.8/win7-x64": {},
    ".NETFramework,Version=v4.8/win7-x86": {},
    "net8.0-windows7.0": {
      "refreshratetuner.config": {
        "type": "Project"
      }
    },
    "net8.0-windows7.0/win-x64": {},
    "net8.0-windows7.0/win-x86": {},
    "net8.0-windows7.0/win7-x64": {},
    "net8.0-windows7.0/win7-x86": {}
  }
}